
Microsoft Visual Studio Solution File, Format Version 12.00
# Visual Studio Version 17
VisualStudioVersion = 17.10.35122.118
MinimumVisualStudioVersion = 10.0.40219.1
Project("{9A19103F-16F7-4668-BE54-9A1E7A4F7556}") = "SandboxRazorIdentity", "SandboxRazorIdentity.csproj", "{7B8192D1-FF6D-417B-94F2-ADEBC8698FF5}"
EndProject
Global
	GlobalSection(SolutionConfigurationPlatforms) = preSolution
		Debug|Any CPU = Debug|Any CPU
		Release|Any CPU = Release|Any CPU
	EndGlobalSection
	GlobalSection(ProjectConfigurationPlatforms) = postSolution
		{7B8192D1-FF6D-417B-94F2-ADEBC8698FF5}.Debug|Any CPU.ActiveCfg = Debug|Any CPU
		{7B8192D1-FF6D-417B-94F2-ADEBC8698FF5}.Debug|Any CPU.Build.0 = Debug|Any CPU
		{7B8192D1-FF6D-417B-94F2-ADEBC8698FF5}.Release|Any CPU.ActiveCfg = Release|Any CPU
		{7B8192D1-FF6D-417B-94F2-ADEBC8698FF5}.Release|Any CPU.Build.0 = Release|Any CPU
	EndGlobalSection
	GlobalSection(SolutionProperties) = preSolution
		HideSolutionNode = FALSE
	EndGlobalSection
	GlobalSection(ExtensibilityGlobals) = postSolution
		SolutionGuid = {201C6DA9-8F16-405D-B796-177BA2700605}
	EndGlobalSection
EndGlobal
